// !$*UTF8*$!
{
	archiveVersion = 1;
	classes = {
	};
	objectVersion = 55;
	objects = {

/* Begin PBXBuildFile section */
		FE53041F2843A50D00608962 /* AppDelegate.swift in Sources */ = {isa = PBXBuildFile; fileRef = FE53041E2843A50D00608962 /* AppDelegate.swift */; };
		FE5304212843A50D00608962 /* SceneDelegate.swift in Sources */ = {isa = PBXBuildFile; fileRef = FE5304202843A50D00608962 /* SceneDelegate.swift */; };
		FE5304232843A50D00608962 /* WeatherViewController.swift in Sources */ = {isa = PBXBuildFile; fileRef = FE5304222843A50D00608962 /* WeatherViewController.swift */; };
		FE5304262843A50D00608962 /* Main.storyboard in Resources */ = {isa = PBXBuildFile; fileRef = FE5304242843A50D00608962 /* Main.storyboard */; };
		FE5304282843A51100608962 /* Assets.xcassets in Resources */ = {isa = PBXBuildFile; fileRef = FE5304272843A51100608962 /* Assets.xcassets */; };
		FE53042B2843A51100608962 /* LaunchScreen.storyboard in Resources */ = {isa = PBXBuildFile; fileRef = FE5304292843A51100608962 /* LaunchScreen.storyboard */; };
		FE5304362843A51100608962 /* ClimaTests.swift in Sources */ = {isa = PBXBuildFile; fileRef = FE5304352843A51100608962 /* ClimaTests.swift */; };
		FE5304402843A51100608962 /* ClimaUITests.swift in Sources */ = {isa = PBXBuildFile; fileRef = FE53043F2843A51100608962 /* ClimaUITests.swift */; };
		FE5304422843A51100608962 /* ClimaUITestsLaunchTests.swift in Sources */ = {isa = PBXBuildFile; fileRef = FE5304412843A51100608962 /* ClimaUITestsLaunchTests.swift */; };
		FE5304562847A14600608962 /* WeatherManager.swift in Sources */ = {isa = PBXBuildFile; fileRef = FE5304552847A14500608962 /* WeatherManager.swift */; };
		FE7E369E2848C659002FFB33 /* WeatherData.swift in Sources */ = {isa = PBXBuildFile; fileRef = FE7E369D2848C659002FFB33 /* WeatherData.swift */; };
		FE8CE1812848D673004249AB /* WeatherModel.swift in Sources */ = {isa = PBXBuildFile; fileRef = FE8CE1802848D673004249AB /* WeatherModel.swift */; };
/* End PBXBuildFile section */

/* Begin PBXContainerItemProxy section */
		FE5304322843A51100608962 /* PBXContainerItemProxy */ = {
			isa = PBXContainerItemProxy;
			containerPortal = FE5304132843A50D00608962 /* Project object */;
			proxyType = 1;
			remoteGlobalIDString = FE53041A2843A50D00608962;
			remoteInfo = Clima;
		};
		FE53043C2843A51100608962 /* PBXContainerItemProxy */ = {
			isa = PBXContainerItemProxy;
			containerPortal = FE5304132843A50D00608962 /* Project object */;
			proxyType = 1;
			remoteGlobalIDString = FE53041A2843A50D00608962;
			remoteInfo = Clima;
		};
/* End PBXContainerItemProxy section */

/* Begin PBXFileReference section */
		FE53041B2843A50D00608962 /* Clima.app */ = {isa = PBXFileReference; explicitFileType = wrapper.application; includeInIndex = 0; path = Clima.app; sourceTree = BUILT_PRODUCTS_DIR; };
		FE53041E2843A50D00608962 /* AppDelegate.swift */ = {isa = PBXFileReference; lastKnownFileType = sourcecode.swift; path = AppDelegate.swift; sourceTree = "<group>"; };
		FE5304202843A50D00608962 /* SceneDelegate.swift */ = {isa = PBXFileReference; lastKnownFileType = sourcecode.swift; path = SceneDelegate.swift; sourceTree = "<group>"; };
		FE5304222843A50D00608962 /* WeatherViewController.swift */ = {isa = PBXFileReference; lastKnownFileType = sourcecode.swift; path = WeatherViewController.swift; sourceTree = "<group>"; };
		FE5304252843A50D00608962 /* Base */ = {isa = PBXFileReference; lastKnownFileType = file.storyboard; name = Base; path = Base.lproj/Main.storyboard; sourceTree = "<group>"; };
		FE5304272843A51100608962 /* Assets.xcassets */ = {isa = PBXFileReference; lastKnownFileType = folder.assetcatalog; path = Assets.xcassets; sourceTree = "<group>"; };
		FE53042A2843A51100608962 /* Base */ = {isa = PBXFileReference; lastKnownFileType = file.storyboard; name = Base; path = Base.lproj/LaunchScreen.storyboard; sourceTree = "<group>"; };
		FE53042C2843A51100608962 /* Info.plist */ = {isa = PBXFileReference; lastKnownFileType = text.plist.xml; path = Info.plist; sourceTree = "<group>"; };
		FE5304312843A51100608962 /* ClimaTests.xctest */ = {isa = PBXFileReference; explicitFileType = wrapper.cfbundle; includeInIndex = 0; path = ClimaTests.xctest; sourceTree = BUILT_PRODUCTS_DIR; };
		FE5304352843A51100608962 /* ClimaTests.swift */ = {isa = PBXFileReference; lastKnownFileType = sourcecode.swift; path = ClimaTests.swift; sourceTree = "<group>"; };
		FE53043B2843A51100608962 /* ClimaUITests.xctest */ = {isa = PBXFileReference; explicitFileType = wrapper.cfbundle; includeInIndex = 0; path = ClimaUITests.xctest; sourceTree = BUILT_PRODUCTS_DIR; };
		FE53043F2843A51100608962 /* ClimaUITests.swift */ = {isa = PBXFileReference; lastKnownFileType = sourcecode.swift; path = ClimaUITests.swift; sourceTree = "<group>"; };
		FE5304412843A51100608962 /* ClimaUITestsLaunchTests.swift */ = {isa = PBXFileReference; lastKnownFileType = sourcecode.swift; path = ClimaUITestsLaunchTests.swift; sourceTree = "<group>"; };
		FE5304552847A14500608962 /* WeatherManager.swift */ = {isa = PBXFileReference; lastKnownFileType = sourcecode.swift; path = WeatherManager.swift; sourceTree = "<group>"; };
		FE7E369D2848C659002FFB33 /* WeatherData.swift */ = {isa = PBXFileReference; lastKnownFileType = sourcecode.swift; path = WeatherData.swift; sourceTree = "<group>"; };
		FE8CE1802848D673004249AB /* WeatherModel.swift */ = {isa = PBXFileReference; lastKnownFileType = sourcecode.swift; path = WeatherModel.swift; sourceTree = "<group>"; };
/* End PBXFileReference section */

/* Begin PBXFrameworksBuildPhase section */
		FE5304182843A50D00608962 /* Frameworks */ = {
			isa = PBXFrameworksBuildPhase;
			buildActionMask = 2147483647;
			files = (
			);
			runOnlyForDeploymentPostprocessing = 0;
		};
		FE53042E2843A51100608962 /* Frameworks */ = {
			isa = PBXFrameworksBuildPhase;
			buildActionMask = 2147483647;
			files = (
			);
			runOnlyForDeploymentPostprocessing = 0;
		};
		FE5304382843A51100608962 /* Frameworks */ = {
			isa = PBXFrameworksBuildPhase;
			buildActionMask = 2147483647;
			files = (
			);
			runOnlyForDeploymentPostprocessing = 0;
		};
/* End PBXFrameworksBuildPhase section */

/* Begin PBXGroup section */
		FE5304122843A50D00608962 = {
			isa = PBXGroup;
			children = (
				FE53041D2843A50D00608962 /* Clima */,
				FE5304342843A51100608962 /* ClimaTests */,
				FE53043E2843A51100608962 /* ClimaUITests */,
				FE53041C2843A50D00608962 /* Products */,
			);
			sourceTree = "<group>";
		};
		FE53041C2843A50D00608962 /* Products */ = {
			isa = PBXGroup;
			children = (
				FE53041B2843A50D00608962 /* Clima.app */,
				FE5304312843A51100608962 /* ClimaTests.xctest */,
				FE53043B2843A51100608962 /* ClimaUITests.xctest */,
			);
			name = Products;
			sourceTree = "<group>";
		};
		FE53041D2843A50D00608962 /* Clima */ = {
			isa = PBXGroup;
			children = (
				FE53041E2843A50D00608962 /* AppDelegate.swift */,
				FE5304202843A50D00608962 /* SceneDelegate.swift */,
				FE53044E2843A52B00608962 /* Models */,
				FE53044F2843A53300608962 /* Views */,
				FE5304502843A53900608962 /* Controllers */,
				FE5304292843A51100608962 /* LaunchScreen.storyboard */,
				FE5304272843A51100608962 /* Assets.xcassets */,
				FE53042C2843A51100608962 /* Info.plist */,
			);
			path = Clima;
			sourceTree = "<group>";
		};
		FE5304342843A51100608962 /* ClimaTests */ = {
			isa = PBXGroup;
			children = (
				FE5304352843A51100608962 /* ClimaTests.swift */,
			);
			path = ClimaTests;
			sourceTree = "<group>";
		};
		FE53043E2843A51100608962 /* ClimaUITests */ = {
			isa = PBXGroup;
			children = (
				FE53043F2843A51100608962 /* ClimaUITests.swift */,
				FE5304412843A51100608962 /* ClimaUITestsLaunchTests.swift */,
			);
			path = ClimaUITests;
			sourceTree = "<group>";
		};
		FE53044E2843A52B00608962 /* Models */ = {
			isa = PBXGroup;
			children = (
				FE5304552847A14500608962 /* WeatherManager.swift */,
				FE7E369D2848C659002FFB33 /* WeatherData.swift */,
				FE8CE1802848D673004249AB /* WeatherModel.swift */,
			);
			path = Models;
			sourceTree = "<group>";
		};
		FE53044F2843A53300608962 /* Views */ = {
			isa = PBXGroup;
			children = (
				FE5304242843A50D00608962 /* Main.storyboard */,
			);
			path = Views;
			sourceTree = "<group>";
		};
		FE5304502843A53900608962 /* Controllers */ = {
			isa = PBXGroup;
			children = (
				FE5304222843A50D00608962 /* WeatherViewController.swift */,
			);
			path = Controllers;
			sourceTree = "<group>";
		};
/* End PBXGroup section */

/* Begin PBXNativeTarget section */
		FE53041A2843A50D00608962 /* Clima */ = {
			isa = PBXNativeTarget;
			buildConfigurationList = FE5304452843A51200608962 /* Build configuration list for PBXNativeTarget "Clima" */;
			buildPhases = (
				FE5304172843A50D00608962 /* Sources */,
				FE5304182843A50D00608962 /* Frameworks */,
				FE5304192843A50D00608962 /* Resources */,
			);
			buildRules = (
			);
			dependencies = (
			);
			name = Clima;
			productName = Clima;
			productReference = FE53041B2843A50D00608962 /* Clima.app */;
			productType = "com.apple.product-type.application";
		};
		FE5304302843A51100608962 /* ClimaTests */ = {
			isa = PBXNativeTarget;
			buildConfigurationList = FE5304482843A51200608962 /* Build configuration list for PBXNativeTarget "ClimaTests" */;
			buildPhases = (
				FE53042D2843A51100608962 /* Sources */,
				FE53042E2843A51100608962 /* Frameworks */,
				FE53042F2843A51100608962 /* Resources */,
			);
			buildRules = (
			);
			dependencies = (
				FE5304332843A51100608962 /* PBXTargetDependency */,
			);
			name = ClimaTests;
			productName = ClimaTests;
			productReference = FE5304312843A51100608962 /* ClimaTests.xctest */;
			productType = "com.apple.product-type.bundle.unit-test";
		};
		FE53043A2843A51100608962 /* ClimaUITests */ = {
			isa = PBXNativeTarget;
			buildConfigurationList = FE53044B2843A51200608962 /* Build configuration list for PBXNativeTarget "ClimaUITests" */;
			buildPhases = (
				FE5304372843A51100608962 /* Sources */,
				FE5304382843A51100608962 /* Frameworks */,
				FE5304392843A51100608962 /* Resources */,
			);
			buildRules = (
			);
			dependencies = (
				FE53043D2843A51100608962 /* PBXTargetDependency */,
			);
			name = ClimaUITests;
			productName = ClimaUITests;
			productReference = FE53043B2843A51100608962 /* ClimaUITests.xctest */;
			productType = "com.apple.product-type.bundle.ui-testing";
		};
/* End PBXNativeTarget section */

/* Begin PBXProject section */
		FE5304132843A50D00608962 /* Project object */ = {
			isa = PBXProject;
			attributes = {
				BuildIndependentTargetsInParallel = 1;
				LastSwiftUpdateCheck = 1340;
				LastUpgradeCheck = 1340;
				TargetAttributes = {
					FE53041A2843A50D00608962 = {
						CreatedOnToolsVersion = 13.4;
					};
					FE5304302843A51100608962 = {
						CreatedOnToolsVersion = 13.4;
						TestTargetID = FE53041A2843A50D00608962;
					};
					FE53043A2843A51100608962 = {
						CreatedOnToolsVersion = 13.4;
						TestTargetID = FE53041A2843A50D00608962;
					};
				};
			};
			buildConfigurationList = FE5304162843A50D00608962 /* Build configuration list for PBXProject "Clima" */;
			compatibilityVersion = "Xcode 13.0";
			developmentRegion = en;
			hasScannedForEncodings = 0;
			knownRegions = (
				en,
				Base,
			);
			mainGroup = FE5304122843A50D00608962;
			productRefGroup = FE53041C2843A50D00608962 /* Products */;
			projectDirPath = "";
			projectRoot = "";
			targets = (
				FE53041A2843A50D00608962 /* Clima */,
				FE5304302843A51100608962 /* ClimaTests */,
				FE53043A2843A51100608962 /* ClimaUITests */,
			);
		};
/* End PBXProject section */

/* Begin PBXResourcesBuildPhase section */
		FE5304192843A50D00608962 /* Resources */ = {
			isa = PBXResourcesBuildPhase;
			buildActionMask = 2147483647;
			files = (
				FE53042B2843A51100608962 /* LaunchScreen.storyboard in Resources */,
				FE5304282843A51100608962 /* Assets.xcassets in Resources */,
				FE5304262843A50D00608962 /* Main.storyboard in Resources */,
			);
			runOnlyForDeploymentPostprocessing = 0;
		};
		FE53042F2843A51100608962 /* Resources */ = {
			isa = PBXResourcesBuildPhase;
			buildActionMask = 2147483647;
			files = (
			);
			runOnlyForDeploymentPostprocessing = 0;
		};
		FE5304392843A51100608962 /* Resources */ = {
			isa = PBXResourcesBuildPhase;
			buildActionMask = 2147483647;
			files = (
			);
			runOnlyForDeploymentPostprocessing = 0;
		};
/* End PBXResourcesBuildPhase section */

/* Begin PBXSourcesBuildPhase section */
		FE5304172843A50D00608962 /* Sources */ = {
			isa = PBXSourcesBuildPhase;
			buildActionMask = 2147483647;
			files = (
				FE5304232843A50D00608962 /* WeatherViewController.swift in Sources */,
				FE7E369E2848C659002FFB33 /* WeatherData.swift in Sources */,
				FE53041F2843A50D00608962 /* AppDelegate.swift in Sources */,
				FE5304562847A14600608962 /* WeatherManager.swift in Sources */,
				FE8CE1812848D673004249AB /* WeatherModel.swift in Sources */,
				FE5304212843A50D00608962 /* SceneDelegate.swift in Sources */,
			);
			runOnlyForDeploymentPostprocessing = 0;
		};
		FE53042D2843A51100608962 /* Sources */ = {
			isa = PBXSourcesBuildPhase;
			buildActionMask = 2147483647;
			files = (
				FE5304362843A51100608962 /* ClimaTests.swift in Sources */,
			);
			runOnlyForDeploymentPostprocessing = 0;
		};
		FE5304372843A51100608962 /* Sources */ = {
			isa = PBXSourcesBuildPhase;
			buildActionMask = 2147483647;
			files = (
				FE5304402843A51100608962 /* ClimaUITests.swift in Sources */,
				FE5304422843A51100608962 /* ClimaUITestsLaunchTests.swift in Sources */,
			);
			runOnlyForDeploymentPostprocessing = 0;
		};
/* End PBXSourcesBuildPhase section */

/* Begin PBXTargetDependency section */
		FE5304332843A51100608962 /* PBXTargetDependency */ = {
			isa = PBXTargetDependency;
			target = FE53041A2843A50D00608962 /* Clima */;
			targetProxy = FE5304322843A51100608962 /* PBXContainerItemProxy */;
		};
		FE53043D2843A51100608962 /* PBXTargetDependency */ = {
			isa = PBXTargetDependency;
			target = FE53041A2843A50D00608962 /* Clima */;
			targetProxy = FE53043C2843A51100608962 /* PBXContainerItemProxy */;
		};
/* End PBXTargetDependency section */

/* Begin PBXVariantGroup section */
		FE5304242843A50D00608962 /* Main.storyboard */ = {
			isa = PBXVariantGroup;
			children = (
				FE5304252843A50D00608962 /* Base */,
			);
			name = Main.storyboard;
			sourceTree = "<group>";
		};
		FE5304292843A51100608962 /* LaunchScreen.storyboard */ = {
			isa = PBXVariantGroup;
			children = (
				FE53042A2843A51100608962 /* Base */,
			);
			name = LaunchScreen.storyboard;
			sourceTree = "<group>";
		};
/* End PBXVariantGroup section */

/* Begin XCBuildConfiguration section */
		FE5304432843A51100608962 /* Debug */ = {
			isa = XCBuildConfiguration;
			buildSettings = {
				ALWAYS_SEARCH_USER_PATHS = NO;
				CLANG_ANALYZER_NONNULL = YES;
				CLANG_ANALYZER_NUMBER_OBJECT_CONVERSION = YES_AGGRESSIVE;
				CLANG_CXX_LANGUAGE_STANDARD = "gnu++17";
				CLANG_ENABLE_MODULES = YES;
				CLANG_ENABLE_OBJC_ARC = YES;
				CLANG_ENABLE_OBJC_WEAK = YES;
				CLANG_WARN_BLOCK_CAPTURE_AUTORELEASING = YES;
				CLANG_WARN_BOOL_CONVERSION = YES;
				CLANG_WARN_COMMA = YES;
				CLANG_WARN_CONSTANT_CONVERSION = YES;
				CLANG_WARN_DEPRECATED_OBJC_IMPLEMENTATIONS = YES;
				CLANG_WARN_DIRECT_OBJC_ISA_USAGE = YES_ERROR;
				CLANG_WARN_DOCUMENTATION_COMMENTS = YES;
				CLANG_WARN_EMPTY_BODY = YES;
				CLANG_WARN_ENUM_CONVERSION = YES;
				CLANG_WARN_INFINITE_RECURSION = YES;
				CLANG_WARN_INT_CONVERSION = YES;
				CLANG_WARN_NON_LITERAL_NULL_CONVERSION = YES;
				CLANG_WARN_OBJC_IMPLICIT_RETAIN_SELF = YES;
				CLANG_WARN_OBJC_LITERAL_CONVERSION = YES;
				CLANG_WARN_OBJC_ROOT_CLASS = YES_ERROR;
				CLANG_WARN_QUOTED_INCLUDE_IN_FRAMEWORK_HEADER = YES;
				CLANG_WARN_RANGE_LOOP_ANALYSIS = YES;
				CLANG_WARN_STRICT_PROTOTYPES = YES;
				CLANG_WARN_SUSPICIOUS_MOVE = YES;
				CLANG_WARN_UNGUARDED_AVAILABILITY = YES_AGGRESSIVE;
				CLANG_WARN_UNREACHABLE_CODE = YES;
				CLANG_WARN__DUPLICATE_METHOD_MATCH = YES;
				COPY_PHASE_STRIP = NO;
				DEBUG_INFORMATION_FORMAT = dwarf;
				ENABLE_STRICT_OBJC_MSGSEND = YES;
				ENABLE_TESTABILITY = YES;
				GCC_C_LANGUAGE_STANDARD = gnu11;
				GCC_DYNAMIC_NO_PIC = NO;
				GCC_NO_COMMON_BLOCKS = YES;
				GCC_OPTIMIZATION_LEVEL = 0;
				GCC_PREPROCESSOR_DEFINITIONS = (
					"DEBUG=1",
					"$(inherited)",
				);
				GCC_WARN_64_TO_32_BIT_CONVERSION = YES;
				GCC_WARN_ABOUT_RETURN_TYPE = YES_ERROR;
				GCC_WARN_UNDECLARED_SELECTOR = YES;
				GCC_WARN_UNINITIALIZED_AUTOS = YES_AGGRESSIVE;
				GCC_WARN_UNUSED_FUNCTION = YES;
				GCC_WARN_UNUSED_VARIABLE = YES;
				IPHONEOS_DEPLOYMENT_TARGET = 15.5;
				MTL_ENABLE_DEBUG_INFO = INCLUDE_SOURCE;
				MTL_FAST_MATH = YES;
				ONLY_ACTIVE_ARCH = YES;
				SDKROOT = iphoneos;
				SWIFT_ACTIVE_COMPILATION_CONDITIONS = DEBUG;
				SWIFT_OPTIMIZATION_LEVEL = "-Onone";
			};
			name = Debug;
		};
		FE5304442843A51200608962 /* Release */ = {
			isa = XCBuildConfiguration;
			buildSettings = {
				ALWAYS_SEARCH_USER_PATHS = NO;
				CLANG_ANALYZER_NONNULL = YES;
				CLANG_ANALYZER_NUMBER_OBJECT_CONVERSION = YES_AGGRESSIVE;
				CLANG_CXX_LANGUAGE_STANDARD = "gnu++17";
				CLANG_ENABLE_MODULES = YES;
				CLANG_ENABLE_OBJC_ARC = YES;
				CLANG_ENABLE_OBJC_WEAK = YES;
				CLANG_WARN_BLOCK_CAPTURE_AUTORELEASING = YES;
				CLANG_WARN_BOOL_CONVERSION = YES;
				CLANG_WARN_COMMA = YES;
				CLANG_WARN_CONSTANT_CONVERSION = YES;
				CLANG_WARN_DEPRECATED_OBJC_IMPLEMENTATIONS = YES;
				CLANG_WARN_DIRECT_OBJC_ISA_USAGE = YES_ERROR;
				CLANG_WARN_DOCUMENTATION_COMMENTS = YES;
				CLANG_WARN_EMPTY_BODY = YES;
				CLANG_WARN_ENUM_CONVERSION = YES;
				CLANG_WARN_INFINITE_RECURSION = YES;
				CLANG_WARN_INT_CONVERSION = YES;
				CLANG_WARN_NON_LITERAL_NULL_CONVERSION = YES;
				CLANG_WARN_OBJC_IMPLICIT_RETAIN_SELF = YES;
				CLANG_WARN_OBJC_LITERAL_CONVERSION = YES;
				CLANG_WARN_OBJC_ROOT_CLASS = YES_ERROR;
				CLANG_WARN_QUOTED_INCLUDE_IN_FRAMEWORK_HEADER = YES;
				CLANG_WARN_RANGE_LOOP_ANALYSIS = YES;
				CLANG_WARN_STRICT_PROTOTYPES = YES;
				CLANG_WARN_SUSPICIOUS_MOVE = YES;
				CLANG_WARN_UNGUARDED_AVAILABILITY = YES_AGGRESSIVE;
				CLANG_WARN_UNREACHABLE_CODE = YES;
				CLANG_WARN__DUPLICATE_METHOD_MATCH = YES;
				COPY_PHASE_STRIP = NO;
				DEBUG_INFORMATION_FORMAT = "dwarf-with-dsym";
				ENABLE_NS_ASSERTIONS = NO;
				ENABLE_STRICT_OBJC_MSGSEND = YES;
				GCC_C_LANGUAGE_STANDARD = gnu11;
				GCC_NO_COMMON_BLOCKS = YES;
				GCC_WARN_64_TO_32_BIT_CONVERSION = YES;
				GCC_WARN_ABOUT_RETURN_TYPE = YES_ERROR;
				GCC_WARN_UNDECLARED_SELECTOR = YES;
				GCC_WARN_UNINITIALIZED_AUTOS = YES_AGGRESSIVE;
				GCC_WARN_UNUSED_FUNCTION = YES;
				GCC_WARN_UNUSED_VARIABLE = YES;
				IPHONEOS_DEPLOYMENT_TARGET = 15.5;
				MTL_ENABLE_DEBUG_INFO = NO;
				MTL_FAST_MATH = YES;
				SDKROOT = iphoneos;
				SWIFT_COMPILATION_MODE = wholemodule;
				SWIFT_OPTIMIZATION_LEVEL = "-O";
				VALIDATE_PRODUCT = YES;
			};
			name = Release;
		};
		FE5304462843A51200608962 /* Debug */ = {
			isa = XCBuildConfiguration;
			buildSettings = {
				ASSETCATALOG_COMPILER_APPICON_NAME = AppIcon;
				ASSETCATALOG_COMPILER_GLOBAL_ACCENT_COLOR_NAME = AccentColor;
				CODE_SIGN_STYLE = Automatic;
				CURRENT_PROJECT_VERSION = 1;
				DEVELOPMENT_TEAM = 3A2U2X4K87;
				GENERATE_INFOPLIST_FILE = YES;
				INFOPLIST_FILE = Clima/Info.plist;
				INFOPLIST_KEY_UIApplicationSupportsIndirectInputEvents = YES;
				INFOPLIST_KEY_UILaunchStoryboardName = LaunchScreen;
				INFOPLIST_KEY_UIMainStoryboardFile = Main;
				INFOPLIST_KEY_UISupportedInterfaceOrientations_iPad = "UIInterfaceOrientationPortrait UIInterfaceOrientationPortraitUpsideDown UIInterfaceOrientationLandscapeLeft UIInterfaceOrientationLandscapeRight";
				INFOPLIST_KEY_UISupportedInterfaceOrientations_iPhone = "UIInterfaceOrientationPortrait UIInterfaceOrientationLandscapeLeft UIInterfaceOrientationLandscapeRight";
				LD_RUNPATH_SEARCH_PATHS = (
					"$(inherited)",
					"@executable_path/Frameworks",
				);
				MARKETING_VERSION = 1.0;
				PRODUCT_BUNDLE_IDENTIFIER = com.yedige.Clima;
				PRODUCT_NAME = "$(TARGET_NAME)";
				SWIFT_EMIT_LOC_STRINGS = YES;
				SWIFT_VERSION = 5.0;
				TARGETED_DEVICE_FAMILY = "1,2";
			};
			name = Debug;
		};
		FE5304472843A51200608962 /* Release */ = {
			isa = XCBuildConfiguration;
			buildSettings = {
				ASSETCATALOG_COMPILER_APPICON_NAME = AppIcon;
				ASSETCATALOG_COMPILER_GLOBAL_ACCENT_COLOR_NAME = AccentColor;
				CODE_SIGN_STYLE = Automatic;
				CURRENT_PROJECT_VERSION = 1;
				DEVELOPMENT_TEAM = 3A2U2X4K87;
				GENERATE_INFOPLIST_FILE = YES;
				INFOPLIST_FILE = Clima/Info.plist;
				INFOPLIST_KEY_UIApplicationSupportsIndirectInputEvents = YES;
				INFOPLIST_KEY_UILaunchStoryboardName = LaunchScreen;
				INFOPLIST_KEY_UIMainStoryboardFile = Main;
				INFOPLIST_KEY_UISupportedInterfaceOrientations_iPad = "UIInterfaceOrientationPortrait UIInterfaceOrientationPortraitUpsideDown UIInterfaceOrientationLandscapeLeft UIInterfaceOrientationLandscapeRight";
				INFOPLIST_KEY_UISupportedInterfaceOrientations_iPhone = "UIInterfaceOrientationPortrait UIInterfaceOrientationLandscapeLeft UIInterfaceOrientationLandscapeRight";
				LD_RUNPATH_SEARCH_PATHS = (
					"$(inherited)",
					"@executable_path/Frameworks",
				);
				MARKETING_VERSION = 1.0;
				PRODUCT_BUNDLE_IDENTIFIER = com.yedige.Clima;
				PRODUCT_NAME = "$(TARGET_NAME)";
				SWIFT_EMIT_LOC_STRINGS = YES;
				SWIFT_VERSION = 5.0;
				TARGETED_DEVICE_FAMILY = "1,2";
			};
			name = Release;
		};
		FE5304492843A51200608962 /* Debug */ = {
			isa = XCBuildConfiguration;
			buildSettings = {
				ALWAYS_EMBED_SWIFT_STANDARD_LIBRARIES = YES;
				BUNDLE_LOADER = "$(TEST_HOST)";
				CODE_SIGN_STYLE = Automatic;
				CURRENT_PROJECT_VERSION = 1;
				DEVELOPMENT_TEAM = 3A2U2X4K87;
				GENERATE_INFOPLIST_FILE = YES;
				IPHONEOS_DEPLOYMENT_TARGET = 15.5;
				MARKETING_VERSION = 1.0;
				PRODUCT_BUNDLE_IDENTIFIER = com.yedige.ClimaTests;
				PRODUCT_NAME = "$(TARGET_NAME)";
				SWIFT_EMIT_LOC_STRINGS = NO;
				SWIFT_VERSION = 5.0;
				TARGETED_DEVICE_FAMILY = "1,2";
				TEST_HOST = "$(BUILT_PRODUCTS_DIR)/Clima.app/Clima";
			};
			name = Debug;
		};
		FE53044A2843A51200608962 /* Release */ = {
			isa = XCBuildConfiguration;
			buildSettings = {
				ALWAYS_EMBED_SWIFT_STANDARD_LIBRARIES = YES;
				BUNDLE_LOADER = "$(TEST_HOST)";
				CODE_SIGN_STYLE = Automatic;
				CURRENT_PROJECT_VERSION = 1;
				DEVELOPMENT_TEAM = 3A2U2X4K87;
				GENERATE_INFOPLIST_FILE = YES;
				IPHONEOS_DEPLOYMENT_TARGET = 15.5;
				MARKETING_VERSION = 1.0;
				PRODUCT_BUNDLE_IDENTIFIER = com.yedige.ClimaTests;
				PRODUCT_NAME = "$(TARGET_NAME)";
				SWIFT_EMIT_LOC_STRINGS = NO;
				SWIFT_VERSION = 5.0;
				TARGETED_DEVICE_FAMILY = "1,2";
				TEST_HOST = "$(BUILT_PRODUCTS_DIR)/Clima.app/Clima";
			};
			name = Release;
		};
		FE53044C2843A51200608962 /* Debug */ = {
			isa = XCBuildConfiguration;
			buildSettings = {
				ALWAYS_EMBED_SWIFT_STANDARD_LIBRARIES = YES;
				CODE_SIGN_STYLE = Automatic;
				CURRENT_PROJECT_VERSION = 1;
				DEVELOPMENT_TEAM = 3A2U2X4K87;
				GENERATE_INFOPLIST_FILE = YES;
				MARKETING_VERSION = 1.0;
				PRODUCT_BUNDLE_IDENTIFIER = com.yedige.ClimaUITests;
				PRODUCT_NAME = "$(TARGET_NAME)";
				SWIFT_EMIT_LOC_STRINGS = NO;
				SWIFT_VERSION = 5.0;
				TARGETED_DEVICE_FAMILY = "1,2";
				TEST_TARGET_NAME = Clima;
			};
			name = Debug;
		};
		FE53044D2843A51200608962 /* Release */ = {
			isa = XCBuildConfiguration;
			buildSettings = {
				ALWAYS_EMBED_SWIFT_STANDARD_LIBRARIES = YES;
				CODE_SIGN_STYLE = Automatic;
				CURRENT_PROJECT_VERSION = 1;
				DEVELOPMENT_TEAM = 3A2U2X4K87;
				GENERATE_INFOPLIST_FILE = YES;
				MARKETING_VERSION = 1.0;
				PRODUCT_BUNDLE_IDENTIFIER = com.yedige.ClimaUITests;
				PRODUCT_NAME = "$(TARGET_NAME)";
				SWIFT_EMIT_LOC_STRINGS = NO;
				SWIFT_VERSION = 5.0;
				TARGETED_DEVICE_FAMILY = "1,2";
				TEST_TARGET_NAME = Clima;
			};
			name = Release;
		};
/* End XCBuildConfiguration section */

/* Begin XCConfigurationList section */
		FE5304162843A50D00608962 /* Build configuration list for PBXProject "Clima" */ = {
			isa = XCConfigurationList;
			buildConfigurations = (
				FE5304432843A51100608962 /* Debug */,
				FE5304442843A51200608962 /* Release */,
			);
			defaultConfigurationIsVisible = 0;
			defaultConfigurationName = Release;
		};
		FE5304452843A51200608962 /* Build configuration list for PBXNativeTarget "Clima" */ = {
			isa = XCConfigurationList;
			buildConfigurations = (
				FE5304462843A51200608962 /* Debug */,
				FE5304472843A51200608962 /* Release */,
			);
			defaultConfigurationIsVisible = 0;
			defaultConfigurationName = Release;
		};
		FE5304482843A51200608962 /* Build configuration list for PBXNativeTarget "ClimaTests" */ = {
			isa = XCConfigurationList;
			buildConfigurations = (
				FE5304492843A51200608962 /* Debug */,
				FE53044A2843A51200608962 /* Release */,
			);
			defaultConfigurationIsVisible = 0;
			defaultConfigurationName = Release;
		};
		FE53044B2843A51200608962 /* Build configuration list for PBXNativeTarget "ClimaUITests" */ = {
			isa = XCConfigurationList;
			buildConfigurations = (
				FE53044C2843A51200608962 /* Debug */,
				FE53044D2843A51200608962 /* Release */,
			);
			defaultConfigurationIsVisible = 0;
			defaultConfigurationName = Release;
		};
/* End XCConfigurationList section */
	};
	rootObject = FE5304132843A50D00608962 /* Project object */;
}
